
Microsoft Visual Studio Solution File, Format Version 12.00
# Visual Studio Version 17
VisualStudioVersion = 17.11.35222.181
MinimumVisualStudioVersion = 10.0.40219.1
Project("{FAE04EC0-301F-11D3-BF4B-00C04F79EFBC}") = "LibraryConsoleApp", "LibraryConsoleApp\LibraryConsoleApp.csproj", "{EE61AD98-99E5-475B-B61A-3BDFD3691613}"
EndProject
Global
	GlobalSection(SolutionConfigurationPlatforms) = preSolution
		Debug|Any CPU = Debug|Any CPU
		Release|Any CPU = Release|Any CPU
	EndGlobalSection
	GlobalSection(ProjectConfigurationPlatforms) = postSolution
		{EE61AD98-99E5-475B-B61A-3BDFD3691613}.Debug|Any CPU.ActiveCfg = Debug|Any CPU
		{EE61AD98-99E5-475B-B61A-3BDFD3691613}.Debug|Any CPU.Build.0 = Debug|Any CPU
		{EE61AD98-99E5-475B-B61A-3BDFD3691613}.Release|Any CPU.ActiveCfg = Release|Any CPU
		{EE61AD98-99E5-475B-B61A-3BDFD3691613}.Release|Any CPU.Build.0 = Release|Any CPU
	EndGlobalSection
	GlobalSection(SolutionProperties) = preSolution
		HideSolutionNode = FALSE
	EndGlobalSection
	GlobalSection(ExtensibilityGlobals) = postSolution
		SolutionGuid = {394EB715-EE53-4270-8792-F04F54148506}
	EndGlobalSection
EndGlobal
